
Microsoft Visual Studio Solution File, Format Version 11.00
# Visual Studio 2010
Project("{FAE04EC0-301F-11D3-BF4B-00C04F79EFBC}") = "SharedBase", "SharedBase\SharedBase.csproj", "{593FBAD3-392D-4F52-B7FF-3E9F97E9D8A1}"
EndProject
Project("{FAE04EC0-301F-11D3-BF4B-00C04F79EFBC}") = "Test", "Test\Test.csproj", "{C1F28147-3165-4F81-A007-8CF5B3E4082F}"
EndProject
Project("{FAE04EC0-301F-11D3-BF4B-00C04F79EFBC}") = "TimoSchmetzer", "TimoSchmetzer\TimoSchmetzer.csproj", "{E7487EA5-55A9-4439-9138-38D71A85529C}"
EndProject
Project("{FAE04EC0-301F-11D3-BF4B-00C04F79EFBC}") = "JanRapp", "JanRapp\JanRapp.csproj", "{B5D3551B-0622-43CC-9BBB-63E672A2903B}"
EndProject
Global
	GlobalSection(TeamFoundationVersionControl) = preSolution
		SccNumberOfProjects = 5
		SccEnterpriseProvider = {4CA58AB2-18FA-4F8D-95D4-32DDF27D184C}
		SccTeamFoundationServer = https://tfs.codeplex.com/tfs/tfs21
		SccLocalPath0 = .
		SccProjectUniqueName1 = SharedBase\\SharedBase.csproj
		SccProjectName1 = SharedBase
		SccLocalPath1 = SharedBase
		SccProjectUniqueName2 = Test\\Test.csproj
		SccProjectName2 = Test
		SccLocalPath2 = Test
		SccProjectUniqueName3 = TimoSchmetzer\\TimoSchmetzer.csproj
		SccProjectName3 = TimoSchmetzer
		SccLocalPath3 = TimoSchmetzer
		SccProjectUniqueName4 = JanRapp\\JanRapp.csproj
		SccProjectName4 = JanRapp
		SccLocalPath4 = JanRapp
	EndGlobalSection
	GlobalSection(SolutionConfigurationPlatforms) = preSolution
		Debug|Any CPU = Debug|Any CPU
		Debug|Mixed Platforms = Debug|Mixed Platforms
		Debug|x86 = Debug|x86
		Release|Any CPU = Release|Any CPU
		Release|Mixed Platforms = Release|Mixed Platforms
		Release|x86 = Release|x86
	EndGlobalSection
	GlobalSection(ProjectConfigurationPlatforms) = postSolution
		{593FBAD3-392D-4F52-B7FF-3E9F97E9D8A1}.Debug|Any CPU.ActiveCfg = Debug|Any CPU
		{593FBAD3-392D-4F52-B7FF-3E9F97E9D8A1}.Debug|Any CPU.Build.0 = Debug|Any CPU
		{593FBAD3-392D-4F52-B7FF-3E9F97E9D8A1}.Debug|Mixed Platforms.ActiveCfg = Debug|Any CPU
		{593FBAD3-392D-4F52-B7FF-3E9F97E9D8A1}.Debug|Mixed Platforms.Build.0 = Debug|Any CPU
		{593FBAD3-392D-4F52-B7FF-3E9F97E9D8A1}.Debug|x86.ActiveCfg = Debug|Any CPU
		{593FBAD3-392D-4F52-B7FF-3E9F97E9D8A1}.Release|Any CPU.ActiveCfg = Release|Any CPU
		{593FBAD3-392D-4F52-B7FF-3E9F97E9D8A1}.Release|Any CPU.Build.0 = Release|Any CPU
		{593FBAD3-392D-4F52-B7FF-3E9F97E9D8A1}.Release|Mixed Platforms.ActiveCfg = Release|Any CPU
		{593FBAD3-392D-4F52-B7FF-3E9F97E9D8A1}.Release|Mixed Platforms.Build.0 = Release|Any CPU
		{593FBAD3-392D-4F52-B7FF-3E9F97E9D8A1}.Release|x86.ActiveCfg = Release|Any CPU
		{C1F28147-3165-4F81-A007-8CF5B3E4082F}.Debug|Any CPU.ActiveCfg = Debug|x86
		{C1F28147-3165-4F81-A007-8CF5B3E4082F}.Debug|Mixed Platforms.ActiveCfg = Debug|x86
		{C1F28147-3165-4F81-A007-8CF5B3E4082F}.Debug|Mixed Platforms.Build.0 = Debug|x86
		{C1F28147-3165-4F81-A007-8CF5B3E4082F}.Debug|x86.ActiveCfg = Debug|x86
		{C1F28147-3165-4F81-A007-8CF5B3E4082F}.Debug|x86.Build.0 = Debug|x86
		{C1F28147-3165-4F81-A007-8CF5B3E4082F}.Release|Any CPU.ActiveCfg = Release|x86
		{C1F28147-3165-4F81-A007-8CF5B3E4082F}.Release|Mixed Platforms.ActiveCfg = Release|x86
		{C1F28147-3165-4F81-A007-8CF5B3E4082F}.Release|Mixed Platforms.Build.0 = Release|x86
		{C1F28147-3165-4F81-A007-8CF5B3E4082F}.Release|x86.ActiveCfg = Release|x86
		{C1F28147-3165-4F81-A007-8CF5B3E4082F}.Release|x86.Build.0 = Release|x86
		{E7487EA5-55A9-4439-9138-38D71A85529C}.Debug|Any CPU.ActiveCfg = Debug|x86
		{E7487EA5-55A9-4439-9138-38D71A85529C}.Debug|Mixed Platforms.ActiveCfg = Debug|x86
		{E7487EA5-55A9-4439-9138-38D71A85529C}.Debug|Mixed Platforms.Build.0 = Debug|x86
		{E7487EA5-55A9-4439-9138-38D71A85529C}.Debug|x86.ActiveCfg = Debug|x86
		{E7487EA5-55A9-4439-9138-38D71A85529C}.Debug|x86.Build.0 = Debug|x86
		{E7487EA5-55A9-4439-9138-38D71A85529C}.Release|Any CPU.ActiveCfg = Release|x86
		{E7487EA5-55A9-4439-9138-38D71A85529C}.Release|Mixed Platforms.ActiveCfg = Release|x86
		{E7487EA5-55A9-4439-9138-38D71A85529C}.Release|Mixed Platforms.Build.0 = Release|x86
		{E7487EA5-55A9-4439-9138-38D71A85529C}.Release|x86.ActiveCfg = Release|x86
		{E7487EA5-55A9-4439-9138-38D71A85529C}.Release|x86.Build.0 = Release|x86
		{B5D3551B-0622-43CC-9BBB-63E672A2903B}.Debug|Any CPU.ActiveCfg = Debug|x86
		{B5D3551B-0622-43CC-9BBB-63E672A2903B}.Debug|Mixed Platforms.ActiveCfg = Debug|x86
		{B5D3551B-0622-43CC-9BBB-63E672A2903B}.Debug|Mixed Platforms.Build.0 = Debug|x86
		{B5D3551B-0622-43CC-9BBB-63E672A2903B}.Debug|x86.ActiveCfg = Debug|x86
		{B5D3551B-0622-43CC-9BBB-63E672A2903B}.Debug|x86.Build.0 = Debug|x86
		{B5D3551B-0622-43CC-9BBB-63E672A2903B}.Release|Any CPU.ActiveCfg = Release|x86
		{B5D3551B-0622-43CC-9BBB-63E672A2903B}.Release|Mixed Platforms.ActiveCfg = Release|x86
		{B5D3551B-0622-43CC-9BBB-63E672A2903B}.Release|Mixed Platforms.Build.0 = Release|x86
		{B5D3551B-0622-43CC-9BBB-63E672A2903B}.Release|x86.ActiveCfg = Release|x86
		{B5D3551B-0622-43CC-9BBB-63E672A2903B}.Release|x86.Build.0 = Release|x86
	EndGlobalSection
	GlobalSection(SolutionProperties) = preSolution
		HideSolutionNode = FALSE
	EndGlobalSection
EndGlobal
